// !$*UTF8*$!
{
	archiveVersion = 1;
	classes = {
	};
	objectVersion = 56;
	objects = {

/* Begin PBXBuildFile section */
		8F21BD5C290D286600369D6F /* Mo4Le15ChApp.swift in Sources */ = {isa = PBXBuildFile; fileRef = 8F21BD5B290D286600369D6F /* Mo4Le15ChApp.swift */; };
		8F21BD5E290D286600369D6F /* PageView.swift in Sources */ = {isa = PBXBuildFile; fileRef = 8F21BD5D290D286600369D6F /* PageView.swift */; };
		8F21BD60290D286800369D6F /* Assets.xcassets in Resources */ = {isa = PBXBuildFile; fileRef = 8F21BD5F290D286800369D6F /* Assets.xcassets */; };
		8F21BD63290D286800369D6F /* Preview Assets.xcassets in Resources */ = {isa = PBXBuildFile; fileRef = 8F21BD62290D286800369D6F /* Preview Assets.xcassets */; };
		8F21BD6E290D29BF00369D6F /* Data.json in Resources */ = {isa = PBXBuildFile; fileRef = 8F21BD6D290D29BF00369D6F /* Data.json */; };
		8F21BD70290D29DD00369D6F /* Book.swift in Sources */ = {isa = PBXBuildFile; fileRef = 8F21BD6F290D29DD00369D6F /* Book.swift */; };
		8F21BD72290D2ACC00369D6F /* BookModel.swift in Sources */ = {isa = PBXBuildFile; fileRef = 8F21BD71290D2ACC00369D6F /* BookModel.swift */; };
		8F21BD77290D2DB600369D6F /* DataService.swift in Sources */ = {isa = PBXBuildFile; fileRef = 8F21BD76290D2DB600369D6F /* DataService.swift */; };
		8F21BD79290D2FE100369D6F /* BookListView.swift in Sources */ = {isa = PBXBuildFile; fileRef = 8F21BD78290D2FE100369D6F /* BookListView.swift */; };
		8F21BD7B290D3A5400369D6F /* BookElement.swift in Sources */ = {isa = PBXBuildFile; fileRef = 8F21BD7A290D3A5400369D6F /* BookElement.swift */; };
/* End PBXBuildFile section */

/* Begin PBXFileReference section */
		8F21BD58290D286600369D6F /* Mo4Le15Ch.app */ = {isa = PBXFileReference; explicitFileType = wrapper.application; includeInIndex = 0; path = Mo4Le15Ch.app; sourceTree = BUILT_PRODUCTS_DIR; };
		8F21BD5B290D286600369D6F /* Mo4Le15ChApp.swift */ = {isa = PBXFileReference; lastKnownFileType = sourcecode.swift; path = Mo4Le15ChApp.swift; sourceTree = "<group>"; };
		8F21BD5D290D286600369D6F /* PageView.swift */ = {isa = PBXFileReference; lastKnownFileType = sourcecode.swift; path = PageView.swift; sourceTree = "<group>"; };
		8F21BD5F290D286800369D6F /* Assets.xcassets */ = {isa = PBXFileReference; lastKnownFileType = folder.assetcatalog; path = Assets.xcassets; sourceTree = "<group>"; };
		8F21BD62290D286800369D6F /* Preview Assets.xcassets */ = {isa = PBXFileReference; lastKnownFileType = folder.assetcatalog; path = "Preview Assets.xcassets"; sourceTree = "<group>"; };
		8F21BD6D290D29BF00369D6F /* Data.json */ = {isa = PBXFileReference; fileEncoding = 4; lastKnownFileType = text.json; path = Data.json; sourceTree = "<group>"; };
		8F21BD6F290D29DD00369D6F /* Book.swift */ = {isa = PBXFileReference; lastKnownFileType = sourcecode.swift; path = Book.swift; sourceTree = "<group>"; };
		8F21BD71290D2ACC00369D6F /* BookModel.swift */ = {isa = PBXFileReference; lastKnownFileType = sourcecode.swift; path = BookModel.swift; sourceTree = "<group>"; };
		8F21BD76290D2DB600369D6F /* DataService.swift */ = {isa = PBXFileReference; fileEncoding = 4; lastKnownFileType = sourcecode.swift; path = DataService.swift; sourceTree = "<group>"; };
		8F21BD78290D2FE100369D6F /* BookListView.swift */ = {isa = PBXFileReference; lastKnownFileType = sourcecode.swift; path = BookListView.swift; sourceTree = "<group>"; };
		8F21BD7A290D3A5400369D6F /* BookElement.swift */ = {isa = PBXFileReference; lastKnownFileType = sourcecode.swift; path = BookElement.swift; sourceTree = "<group>"; };
/* End PBXFileReference section */

/* Begin PBXFrameworksBuildPhase section */
		8F21BD55290D286600369D6F /* Frameworks */ = {
			isa = PBXFrameworksBuildPhase;
			buildActionMask = 2147483647;
			files = (
			);
			runOnlyForDeploymentPostprocessing = 0;
		};
/* End PBXFrameworksBuildPhase section */

/* Begin PBXGroup section */
		8F21BD4F290D286600369D6F = {
			isa = PBXGroup;
			children = (
				8F21BD5A290D286600369D6F /* Mo4Le15Ch */,
				8F21BD59290D286600369D6F /* Products */,
			);
			sourceTree = "<group>";
		};
		8F21BD59290D286600369D6F /* Products */ = {
			isa = PBXGroup;
			children = (
				8F21BD58290D286600369D6F /* Mo4Le15Ch.app */,
			);
			name = Products;
			sourceTree = "<group>";
		};
		8F21BD5A290D286600369D6F /* Mo4Le15Ch */ = {
			isa = PBXGroup;
			children = (
				8F21BD5B290D286600369D6F /* Mo4Le15ChApp.swift */,
				8F21BD6A290D295600369D6F /* Views */,
				8F21BD6C290D296100369D6F /* ViewModels */,
				8F21BD6B290D295C00369D6F /* Models */,
				8F21BD73290D2D7C00369D6F /* Services */,
				8F21BD69290D295000369D6F /* Data */,
				8F21BD5F290D286800369D6F /* Assets.xcassets */,
				8F21BD61290D286800369D6F /* Preview Content */,
			);
			path = Mo4Le15Ch;
			sourceTree = "<group>";
		};
		8F21BD61290D286800369D6F /* Preview Content */ = {
			isa = PBXGroup;
			children = (
				8F21BD62290D286800369D6F /* Preview Assets.xcassets */,
			);
			path = "Preview Content";
			sourceTree = "<group>";
		};
		8F21BD69290D295000369D6F /* Data */ = {
			isa = PBXGroup;
			children = (
				8F21BD6D290D29BF00369D6F /* Data.json */,
			);
			path = Data;
			sourceTree = "<group>";
		};
		8F21BD6A290D295600369D6F /* Views */ = {
			isa = PBXGroup;
			children = (
				8F21BD5D290D286600369D6F /* PageView.swift */,
				8F21BD78290D2FE100369D6F /* BookListView.swift */,
				8F21BD7A290D3A5400369D6F /* BookElement.swift */,
			);
			path = Views;
			sourceTree = "<group>";
		};
		8F21BD6B290D295C00369D6F /* Models */ = {
			isa = PBXGroup;
			children = (
				8F21BD6F290D29DD00369D6F /* Book.swift */,
			);
			path = Models;
			sourceTree = "<group>";
		};
		8F21BD6C290D296100369D6F /* ViewModels */ = {
			isa = PBXGroup;
			children = (
				8F21BD71290D2ACC00369D6F /* BookModel.swift */,
			);
			path = ViewModels;
			sourceTree = "<group>";
		};
		8F21BD73290D2D7C00369D6F /* Services */ = {
			isa = PBXGroup;
			children = (
				8F21BD76290D2DB600369D6F /* DataService.swift */,
			);
			path = Services;
			sourceTree = "<group>";
		};
/* End PBXGroup section */

/* Begin PBXNativeTarget section */
		8F21BD57290D286600369D6F /* Mo4Le15Ch */ = {
			isa = PBXNativeTarget;
			buildConfigurationList = 8F21BD66290D286800369D6F /* Build configuration list for PBXNativeTarget "Mo4Le15Ch" */;
			buildPhases = (
				8F21BD54290D286600369D6F /* Sources */,
				8F21BD55290D286600369D6F /* Frameworks */,
				8F21BD56290D286600369D6F /* Resources */,
			);
			buildRules = (
			);
			dependencies = (
			);
			name = Mo4Le15Ch;
			productName = Mo4Le15Ch;
			productReference = 8F21BD58290D286600369D6F /* Mo4Le15Ch.app */;
			productType = "com.apple.product-type.application";
		};
/* End PBXNativeTarget section */

/* Begin PBXProject section */
		8F21BD50290D286600369D6F /* Project object */ = {
			isa = PBXProject;
			attributes = {
				BuildIndependentTargetsInParallel = 1;
				LastSwiftUpdateCheck = 1400;
				LastUpgradeCheck = 1400;
				TargetAttributes = {
					8F21BD57290D286600369D6F = {
						CreatedOnToolsVersion = 14.0.1;
					};
				};
			};
			buildConfigurationList = 8F21BD53290D286600369D6F /* Build configuration list for PBXProject "Mo4Le15Ch" */;
			compatibilityVersion = "Xcode 14.0";
			developmentRegion = en;
			hasScannedForEncodings = 0;
			knownRegions = (
				en,
				Base,
			);
			mainGroup = 8F21BD4F290D286600369D6F;
			productRefGroup = 8F21BD59290D286600369D6F /* Products */;
			projectDirPath = "";
			projectRoot = "";
			targets = (
				8F21BD57290D286600369D6F /* Mo4Le15Ch */,
			);
		};
/* End PBXProject section */

/* Begin PBXResourcesBuildPhase section */
		8F21BD56290D286600369D6F /* Resources */ = {
			isa = PBXResourcesBuildPhase;
			buildActionMask = 2147483647;
			files = (
				8F21BD63290D286800369D6F /* Preview Assets.xcassets in Resources */,
				8F21BD60290D286800369D6F /* Assets.xcassets in Resources */,
				8F21BD6E290D29BF00369D6F /* Data.json in Resources */,
			);
			runOnlyForDeploymentPostprocessing = 0;
		};
/* End PBXResourcesBuildPhase section */

/* Begin PBXSourcesBuildPhase section */
		8F21BD54290D286600369D6F /* Sources */ = {
			isa = PBXSourcesBuildPhase;
			buildActionMask = 2147483647;
			files = (
				8F21BD5E290D286600369D6F /* PageView.swift in Sources */,
				8F21BD79290D2FE100369D6F /* BookListView.swift in Sources */,
				8F21BD5C290D286600369D6F /* Mo4Le15ChApp.swift in Sources */,
				8F21BD72290D2ACC00369D6F /* BookModel.swift in Sources */,
				8F21BD7B290D3A5400369D6F /* BookElement.swift in Sources */,
				8F21BD70290D29DD00369D6F /* Book.swift in Sources */,
				8F21BD77290D2DB600369D6F /* DataService.swift in Sources */,
			);
			runOnlyForDeploymentPostprocessing = 0;
		};
/* End PBXSourcesBuildPhase section */

/* Begin XCBuildConfiguration section */
		8F21BD64290D286800369D6F /* Debug */ = {
			isa = XCBuildConfiguration;
			buildSettings = {
				ALWAYS_SEARCH_USER_PATHS = NO;
				CLANG_ANALYZER_NONNULL = YES;
				CLANG_ANALYZER_NUMBER_OBJECT_CONVERSION = YES_AGGRESSIVE;
				CLANG_CXX_LANGUAGE_STANDARD = "gnu++20";
				CLANG_ENABLE_MODULES = YES;
				CLANG_ENABLE_OBJC_ARC = YES;
				CLANG_ENABLE_OBJC_WEAK = YES;
				CLANG_WARN_BLOCK_CAPTURE_AUTORELEASING = YES;
				CLANG_WARN_BOOL_CONVERSION = YES;
				CLANG_WARN_COMMA = YES;
				CLANG_WARN_CONSTANT_CONVERSION = YES;
				CLANG_WARN_DEPRECATED_OBJC_IMPLEMENTATIONS = YES;
				CLANG_WARN_DIRECT_OBJC_ISA_USAGE = YES_ERROR;
				CLANG_WARN_DOCUMENTATION_COMMENTS = YES;
				CLANG_WARN_EMPTY_BODY = YES;
				CLANG_WARN_ENUM_CONVERSION = YES;
				CLANG_WARN_INFINITE_RECURSION = YES;
				CLANG_WARN_INT_CONVERSION = YES;
				CLANG_WARN_NON_LITERAL_NULL_CONVERSION = YES;
				CLANG_WARN_OBJC_IMPLICIT_RETAIN_SELF = YES;
				CLANG_WARN_OBJC_LITERAL_CONVERSION = YES;
				CLANG_WARN_OBJC_ROOT_CLASS = YES_ERROR;
				CLANG_WARN_QUOTED_INCLUDE_IN_FRAMEWORK_HEADER = YES;
				CLANG_WARN_RANGE_LOOP_ANALYSIS = YES;
				CLANG_WARN_STRICT_PROTOTYPES = YES;
				CLANG_WARN_SUSPICIOUS_MOVE = YES;
				CLANG_WARN_UNGUARDED_AVAILABILITY = YES_AGGRESSIVE;
				CLANG_WARN_UNREACHABLE_CODE = YES;
				CLANG_WARN__DUPLICATE_METHOD_MATCH = YES;
				COPY_PHASE_STRIP = NO;
				DEBUG_INFORMATION_FORMAT = dwarf;
				ENABLE_STRICT_OBJC_MSGSEND = YES;
				ENABLE_TESTABILITY = YES;
				GCC_C_LANGUAGE_STANDARD = gnu11;
				GCC_DYNAMIC_NO_PIC = NO;
				GCC_NO_COMMON_BLOCKS = YES;
				GCC_OPTIMIZATION_LEVEL = 0;
				GCC_PREPROCESSOR_DEFINITIONS = (
					"DEBUG=1",
					"$(inherited)",
				);
				GCC_WARN_64_TO_32_BIT_CONVERSION = YES;
				GCC_WARN_ABOUT_RETURN_TYPE = YES_ERROR;
				GCC_WARN_UNDECLARED_SELECTOR = YES;
				GCC_WARN_UNINITIALIZED_AUTOS = YES_AGGRESSIVE;
				GCC_WARN_UNUSED_FUNCTION = YES;
				GCC_WARN_UNUSED_VARIABLE = YES;
				IPHONEOS_DEPLOYMENT_TARGET = 16.0;
				MTL_ENABLE_DEBUG_INFO = INCLUDE_SOURCE;
				MTL_FAST_MATH = YES;
				ONLY_ACTIVE_ARCH = YES;
				SDKROOT = iphoneos;
				SWIFT_ACTIVE_COMPILATION_CONDITIONS = DEBUG;
				SWIFT_OPTIMIZATION_LEVEL = "-Onone";
			};
			name = Debug;
		};
		8F21BD65290D286800369D6F /* Release */ = {
			isa = XCBuildConfiguration;
			buildSettings = {
				ALWAYS_SEARCH_USER_PATHS = NO;
				CLANG_ANALYZER_NONNULL = YES;
				CLANG_ANALYZER_NUMBER_OBJECT_CONVERSION = YES_AGGRESSIVE;
				CLANG_CXX_LANGUAGE_STANDARD = "gnu++20";
				CLANG_ENABLE_MODULES = YES;
				CLANG_ENABLE_OBJC_ARC = YES;
				CLANG_ENABLE_OBJC_WEAK = YES;
				CLANG_WARN_BLOCK_CAPTURE_AUTORELEASING = YES;
				CLANG_WARN_BOOL_CONVERSION = YES;
				CLANG_WARN_COMMA = YES;
				CLANG_WARN_CONSTANT_CONVERSION = YES;
				CLANG_WARN_DEPRECATED_OBJC_IMPLEMENTATIONS = YES;
				CLANG_WARN_DIRECT_OBJC_ISA_USAGE = YES_ERROR;
				CLANG_WARN_DOCUMENTATION_COMMENTS = YES;
				CLANG_WARN_EMPTY_BODY = YES;
				CLANG_WARN_ENUM_CONVERSION = YES;
				CLANG_WARN_INFINITE_RECURSION = YES;
				CLANG_WARN_INT_CONVERSION = YES;
				CLANG_WARN_NON_LITERAL_NULL_CONVERSION = YES;
				CLANG_WARN_OBJC_IMPLICIT_RETAIN_SELF = YES;
				CLANG_WARN_OBJC_LITERAL_CONVERSION = YES;
				CLANG_WARN_OBJC_ROOT_CLASS = YES_ERROR;
				CLANG_WARN_QUOTED_INCLUDE_IN_FRAMEWORK_HEADER = YES;
				CLANG_WARN_RANGE_LOOP_ANALYSIS = YES;
				CLANG_WARN_STRICT_PROTOTYPES = YES;
				CLANG_WARN_SUSPICIOUS_MOVE = YES;
				CLANG_WARN_UNGUARDED_AVAILABILITY = YES_AGGRESSIVE;
				CLANG_WARN_UNREACHABLE_CODE = YES;
				CLANG_WARN__DUPLICATE_METHOD_MATCH = YES;
				COPY_PHASE_STRIP = NO;
				DEBUG_INFORMATION_FORMAT = "dwarf-with-dsym";
				ENABLE_NS_ASSERTIONS = NO;
				ENABLE_STRICT_OBJC_MSGSEND = YES;
				GCC_C_LANGUAGE_STANDARD = gnu11;
				GCC_NO_COMMON_BLOCKS = YES;
				GCC_WARN_64_TO_32_BIT_CONVERSION = YES;
				GCC_WARN_ABOUT_RETURN_TYPE = YES_ERROR;
				GCC_WARN_UNDECLARED_SELECTOR = YES;
				GCC_WARN_UNINITIALIZED_AUTOS = YES_AGGRESSIVE;
				GCC_WARN_UNUSED_FUNCTION = YES;
				GCC_WARN_UNUSED_VARIABLE = YES;
				IPHONEOS_DEPLOYMENT_TARGET = 16.0;
				MTL_ENABLE_DEBUG_INFO = NO;
				MTL_FAST_MATH = YES;
				SDKROOT = iphoneos;
				SWIFT_COMPILATION_MODE = wholemodule;
				SWIFT_OPTIMIZATION_LEVEL = "-O";
				VALIDATE_PRODUCT = YES;
			};
			name = Release;
		};
		8F21BD67290D286800369D6F /* Debug */ = {
			isa = XCBuildConfiguration;
			buildSettings = {
				ASSETCATALOG_COMPILER_APPICON_NAME = AppIcon;
				ASSETCATALOG_COMPILER_GLOBAL_ACCENT_COLOR_NAME = AccentColor;
				CODE_SIGN_STYLE = Automatic;
				CURRENT_PROJECT_VERSION = 1;
				DEVELOPMENT_ASSET_PATHS = "\"Mo4Le15Ch/Preview Content\"";
				ENABLE_PREVIEWS = YES;
				GENERATE_INFOPLIST_FILE = YES;
				INFOPLIST_KEY_UIApplicationSceneManifest_Generation = YES;
				INFOPLIST_KEY_UIApplicationSupportsIndirectInputEvents = YES;
				INFOPLIST_KEY_UILaunchScreen_Generation = YES;
				INFOPLIST_KEY_UISupportedInterfaceOrientations_iPad = "UIInterfaceOrientationPortrait UIInterfaceOrientationPortraitUpsideDown UIInterfaceOrientationLandscapeLeft UIInterfaceOrientationLandscapeRight";
				INFOPLIST_KEY_UISupportedInterfaceOrientations_iPhone = "UIInterfaceOrientationPortrait UIInterfaceOrientationLandscapeLeft UIInterfaceOrientationLandscapeRight";
				LD_RUNPATH_SEARCH_PATHS = (
					"$(inherited)",
					"@executable_path/Frameworks",
				);
				MARKETING_VERSION = 1.0;
				PRODUCT_BUNDLE_IDENTIFIER = nilsson.fredrik.Mo4Le15Ch;
				PRODUCT_NAME = "$(TARGET_NAME)";
				SWIFT_EMIT_LOC_STRINGS = YES;
				SWIFT_VERSION = 5.0;
				TARGETED_DEVICE_FAMILY = "1,2";
			};
			name = Debug;
		};
		8F21BD68290D286800369D6F /* Release */ = {
			isa = XCBuildConfiguration;
			buildSettings = {
				ASSETCATALOG_COMPILER_APPICON_NAME = AppIcon;
				ASSETCATALOG_COMPILER_GLOBAL_ACCENT_COLOR_NAME = AccentColor;
				CODE_SIGN_STYLE = Automatic;
				CURRENT_PROJECT_VERSION = 1;
				DEVELOPMENT_ASSET_PATHS = "\"Mo4Le15Ch/Preview Content\"";
				ENABLE_PREVIEWS = YES;
				GENERATE_INFOPLIST_FILE = YES;
				INFOPLIST_KEY_UIApplicationSceneManifest_Generation = YES;
				INFOPLIST_KEY_UIApplicationSupportsIndirectInputEvents = YES;
				INFOPLIST_KEY_UILaunchScreen_Generation = YES;
				INFOPLIST_KEY_UISupportedInterfaceOrientations_iPad = "UIInterfaceOrientationPortrait UIInterfaceOrientationPortraitUpsideDown UIInterfaceOrientationLandscapeLeft UIInterfaceOrientationLandscapeRight";
				INFOPLIST_KEY_UISupportedInterfaceOrientations_iPhone = "UIInterfaceOrientationPortrait UIInterfaceOrientationLandscapeLeft UIInterfaceOrientationLandscapeRight";
				LD_RUNPATH_SEARCH_PATHS = (
					"$(inherited)",
					"@executable_path/Frameworks",
				);
				MARKETING_VERSION = 1.0;
				PRODUCT_BUNDLE_IDENTIFIER = nilsson.fredrik.Mo4Le15Ch;
				PRODUCT_NAME = "$(TARGET_NAME)";
				SWIFT_EMIT_LOC_STRINGS = YES;
				SWIFT_VERSION = 5.0;
				TARGETED_DEVICE_FAMILY = "1,2";
			};
			name = Release;
		};
/* End XCBuildConfiguration section */

/* Begin XCConfigurationList section */
		8F21BD53290D286600369D6F /* Build configuration list for PBXProject "Mo4Le15Ch" */ = {
			isa = XCConfigurationList;
			buildConfigurations = (
				8F21BD64290D286800369D6F /* Debug */,
				8F21BD65290D286800369D6F /* Release */,
			);
			defaultConfigurationIsVisible = 0;
			defaultConfigurationName = Release;
		};
		8F21BD66290D286800369D6F /* Build configuration list for PBXNativeTarget "Mo4Le15Ch" */ = {
			isa = XCConfigurationList;
			buildConfigurations = (
				8F21BD67290D286800369D6F /* Debug */,
				8F21BD68290D286800369D6F /* Release */,
			);
			defaultConfigurationIsVisible = 0;
			defaultConfigurationName = Release;
		};
/* End XCConfigurationList section */
	};
	rootObject = 8F21BD50290D286600369D6F /* Project object */;
}
